
Microsoft Visual Studio Solution File, Format Version 12.00
# Visual Studio Version 17
VisualStudioVersion = 17.0.31903.59
MinimumVisualStudioVersion = 10.0.40219.1
Project("{9A19103F-16F7-4668-BE54-9A1E7A4F7556}") = "StoreApp", "StoreApp\StoreApp.csproj", "{F30A1CB5-0D9D-451E-86D2-A871568E165B}"
EndProject
Project("{9A19103F-16F7-4668-BE54-9A1E7A4F7556}") = "Repositories", "Repositories\Repositories.csproj", "{102D24D7-72B3-413E-8412-96B8E71D0770}"
EndProject
Project("{9A19103F-16F7-4668-BE54-9A1E7A4F7556}") = "Entities", "Entities\Entities.csproj", "{EFD822B9-5284-4991-9B82-823AD07943A4}"
EndProject
Project("{9A19103F-16F7-4668-BE54-9A1E7A4F7556}") = "Services", "Services\Services.csproj", "{83B1D381-B756-4216-9FAD-293ED1D410F7}"
EndProject
Global
	GlobalSection(SolutionConfigurationPlatforms) = preSolution
		Debug|Any CPU = Debug|Any CPU
		Release|Any CPU = Release|Any CPU
	EndGlobalSection
	GlobalSection(ProjectConfigurationPlatforms) = postSolution
		{F30A1CB5-0D9D-451E-86D2-A871568E165B}.Debug|Any CPU.ActiveCfg = Debug|Any CPU
		{F30A1CB5-0D9D-451E-86D2-A871568E165B}.Debug|Any CPU.Build.0 = Debug|Any CPU
		{F30A1CB5-0D9D-451E-86D2-A871568E165B}.Release|Any CPU.ActiveCfg = Release|Any CPU
		{F30A1CB5-0D9D-451E-86D2-A871568E165B}.Release|Any CPU.Build.0 = Release|Any CPU
		{102D24D7-72B3-413E-8412-96B8E71D0770}.Debug|Any CPU.ActiveCfg = Debug|Any CPU
		{102D24D7-72B3-413E-8412-96B8E71D0770}.Debug|Any CPU.Build.0 = Debug|Any CPU
		{102D24D7-72B3-413E-8412-96B8E71D0770}.Release|Any CPU.ActiveCfg = Release|Any CPU
		{102D24D7-72B3-413E-8412-96B8E71D0770}.Release|Any CPU.Build.0 = Release|Any CPU
		{EFD822B9-5284-4991-9B82-823AD07943A4}.Debug|Any CPU.ActiveCfg = Debug|Any CPU
		{EFD822B9-5284-4991-9B82-823AD07943A4}.Debug|Any CPU.Build.0 = Debug|Any CPU
		{EFD822B9-5284-4991-9B82-823AD07943A4}.Release|Any CPU.ActiveCfg = Release|Any CPU
		{EFD822B9-5284-4991-9B82-823AD07943A4}.Release|Any CPU.Build.0 = Release|Any CPU
		{83B1D381-B756-4216-9FAD-293ED1D410F7}.Debug|Any CPU.ActiveCfg = Debug|Any CPU
		{83B1D381-B756-4216-9FAD-293ED1D410F7}.Debug|Any CPU.Build.0 = Debug|Any CPU
		{83B1D381-B756-4216-9FAD-293ED1D410F7}.Release|Any CPU.ActiveCfg = Release|Any CPU
		{83B1D381-B756-4216-9FAD-293ED1D410F7}.Release|Any CPU.Build.0 = Release|Any CPU
	EndGlobalSection
	GlobalSection(SolutionProperties) = preSolution
		HideSolutionNode = FALSE
	EndGlobalSection
	GlobalSection(ExtensibilityGlobals) = postSolution
		SolutionGuid = {4563B9B2-4807-45A3-A461-EA6764DBBE9C}
	EndGlobalSection
EndGlobal
