
Microsoft Visual Studio Solution File, Format Version 12.00
# Visual Studio Version 17
VisualStudioVersion = 17.5.002.0
MinimumVisualStudioVersion = 10.0.40219.1
Project("{9A19103F-16F7-4668-BE54-9A1E7A4F7556}") = "StoreApp", "StoreApp.csproj", "{A76F7A6D-A07C-43E0-9C56-084199B31A7C}"
EndProject
Global
	GlobalSection(SolutionConfigurationPlatforms) = preSolution
		Debug|Any CPU = Debug|Any CPU
		Release|Any CPU = Release|Any CPU
	EndGlobalSection
	GlobalSection(ProjectConfigurationPlatforms) = postSolution
		{A76F7A6D-A07C-43E0-9C56-084199B31A7C}.Debug|Any CPU.ActiveCfg = Debug|Any CPU
		{A76F7A6D-A07C-43E0-9C56-084199B31A7C}.Debug|Any CPU.Build.0 = Debug|Any CPU
		{A76F7A6D-A07C-43E0-9C56-084199B31A7C}.Release|Any CPU.ActiveCfg = Release|Any CPU
		{A76F7A6D-A07C-43E0-9C56-084199B31A7C}.Release|Any CPU.Build.0 = Release|Any CPU
	EndGlobalSection
	GlobalSection(SolutionProperties) = preSolution
		HideSolutionNode = FALSE
	EndGlobalSection
	GlobalSection(ExtensibilityGlobals) = postSolution
		SolutionGuid = {9F2DB8D1-A2F6-4A47-9DB0-01A4C558545C}
	EndGlobalSection
EndGlobal
